
Microsoft Visual Studio Solution File, Format Version 12.00
# Visual Studio Version 17
VisualStudioVersion = 17.7.34018.315
MinimumVisualStudioVersion = 10.0.40219.1
Project("{FAE04EC0-301F-11D3-BF4B-00C04F79EFBC}") = "Inlämingupgift 3.5", "Inlämingupgift 3.5\Inlämingupgift 3.5.csproj", "{F429A81F-3701-40BD-8BEE-2CF3656EE27A}"
EndProject
Global
	GlobalSection(SolutionConfigurationPlatforms) = preSolution
		Debug|Any CPU = Debug|Any CPU
		Release|Any CPU = Release|Any CPU
	EndGlobalSection
	GlobalSection(ProjectConfigurationPlatforms) = postSolution
		{F429A81F-3701-40BD-8BEE-2CF3656EE27A}.Debug|Any CPU.ActiveCfg = Debug|Any CPU
		{F429A81F-3701-40BD-8BEE-2CF3656EE27A}.Debug|Any CPU.Build.0 = Debug|Any CPU
		{F429A81F-3701-40BD-8BEE-2CF3656EE27A}.Release|Any CPU.ActiveCfg = Release|Any CPU
		{F429A81F-3701-40BD-8BEE-2CF3656EE27A}.Release|Any CPU.Build.0 = Release|Any CPU
	EndGlobalSection
	GlobalSection(SolutionProperties) = preSolution
		HideSolutionNode = FALSE
	EndGlobalSection
	GlobalSection(ExtensibilityGlobals) = postSolution
		SolutionGuid = {A01AEB31-2888-4931-87B7-E1BCAD084973}
	EndGlobalSection
EndGlobal
